
Microsoft Visual Studio Solution File, Format Version 12.00
# Visual Studio 14
VisualStudioVersion = 14.0.24720.0
MinimumVisualStudioVersion = 10.0.40219.1
Project("{2150E333-8FDC-42A3-9474-1A3956D46DE8}") = "src", "src", "{EC2527C5-C7CD-4AC1-8129-61F617A8D1E1}"
EndProject
Project("{2150E333-8FDC-42A3-9474-1A3956D46DE8}") = "Solution Items", "Solution Items", "{FC65EF63-1495-4980-BADB-B8A1A79C588F}"
	ProjectSection(SolutionItems) = preProject
		global.json = global.json
	EndProjectSection
EndProject
Project("{8BB2217D-0F2D-49D1-97BC-3654ED321F3B}") = "BusyRoom", "src\BusyRoom\BusyRoom.xproj", "{D33B4981-6FBB-40A6-83F1-9DCCE1B14C67}"
EndProject
Global
	GlobalSection(SolutionConfigurationPlatforms) = preSolution
		Debug|Any CPU = Debug|Any CPU
		Release|Any CPU = Release|Any CPU
	EndGlobalSection
	GlobalSection(ProjectConfigurationPlatforms) = postSolution
		{D33B4981-6FBB-40A6-83F1-9DCCE1B14C67}.Debug|Any CPU.ActiveCfg = Debug|Any CPU
		{D33B4981-6FBB-40A6-83F1-9DCCE1B14C67}.Debug|Any CPU.Build.0 = Debug|Any CPU
		{D33B4981-6FBB-40A6-83F1-9DCCE1B14C67}.Release|Any CPU.ActiveCfg = Release|Any CPU
		{D33B4981-6FBB-40A6-83F1-9DCCE1B14C67}.Release|Any CPU.Build.0 = Release|Any CPU
	EndGlobalSection
	GlobalSection(SolutionProperties) = preSolution
		HideSolutionNode = FALSE
	EndGlobalSection
	GlobalSection(NestedProjects) = preSolution
		{D33B4981-6FBB-40A6-83F1-9DCCE1B14C67} = {EC2527C5-C7CD-4AC1-8129-61F617A8D1E1}
	EndGlobalSection
EndGlobal
